// !$*UTF8*$!
{
	archiveVersion = 1;
	classes = {
	};
	objectVersion = 55;
	objects = {

/* Begin PBXBuildFile section */
		2765CA13284F3A6C007C5F35 /* AppDelegate.swift in Sources */ = {isa = PBXBuildFile; fileRef = 2765CA12284F3A6C007C5F35 /* AppDelegate.swift */; };
		2765CA17284F3A6C007C5F35 /* ViewController.swift in Sources */ = {isa = PBXBuildFile; fileRef = 2765CA16284F3A6C007C5F35 /* ViewController.swift */; };
		2765CA1C284F3A79007C5F35 /* Assets.xcassets in Resources */ = {isa = PBXBuildFile; fileRef = 2765CA1B284F3A79007C5F35 /* Assets.xcassets */; };
		2765CA1F284F3A79007C5F35 /* LaunchScreen.storyboard in Resources */ = {isa = PBXBuildFile; fileRef = 2765CA1D284F3A79007C5F35 /* LaunchScreen.storyboard */; };
		2765CA28284F3C76007C5F35 /* SnapKit in Frameworks */ = {isa = PBXBuildFile; productRef = 2765CA27284F3C76007C5F35 /* SnapKit */; };
		2765CA2A284F3CCE007C5F35 /* LoginField.swift in Sources */ = {isa = PBXBuildFile; fileRef = 2765CA29284F3CCE007C5F35 /* LoginField.swift */; };
		2765CA2C284F4A76007C5F35 /* UIView+Extension.swift in Sources */ = {isa = PBXBuildFile; fileRef = 2765CA2B284F4A76007C5F35 /* UIView+Extension.swift */; };
/* End PBXBuildFile section */

/* Begin PBXFileReference section */
		2765CA0F284F3A6C007C5F35 /* LoginField.app */ = {isa = PBXFileReference; explicitFileType = wrapper.application; includeInIndex = 0; path = LoginField.app; sourceTree = BUILT_PRODUCTS_DIR; };
		2765CA12284F3A6C007C5F35 /* AppDelegate.swift */ = {isa = PBXFileReference; lastKnownFileType = sourcecode.swift; path = AppDelegate.swift; sourceTree = "<group>"; };
		2765CA16284F3A6C007C5F35 /* ViewController.swift */ = {isa = PBXFileReference; lastKnownFileType = sourcecode.swift; path = ViewController.swift; sourceTree = "<group>"; };
		2765CA1B284F3A79007C5F35 /* Assets.xcassets */ = {isa = PBXFileReference; lastKnownFileType = folder.assetcatalog; path = Assets.xcassets; sourceTree = "<group>"; };
		2765CA1E284F3A79007C5F35 /* Base */ = {isa = PBXFileReference; lastKnownFileType = file.storyboard; name = Base; path = Base.lproj/LaunchScreen.storyboard; sourceTree = "<group>"; };
		2765CA20284F3A79007C5F35 /* Info.plist */ = {isa = PBXFileReference; lastKnownFileType = text.plist.xml; path = Info.plist; sourceTree = "<group>"; };
		2765CA29284F3CCE007C5F35 /* LoginField.swift */ = {isa = PBXFileReference; lastKnownFileType = sourcecode.swift; path = LoginField.swift; sourceTree = "<group>"; };
		2765CA2B284F4A76007C5F35 /* UIView+Extension.swift */ = {isa = PBXFileReference; lastKnownFileType = sourcecode.swift; path = "UIView+Extension.swift"; sourceTree = "<group>"; };
/* End PBXFileReference section */

/* Begin PBXFrameworksBuildPhase section */
		2765CA0C284F3A6C007C5F35 /* Frameworks */ = {
			isa = PBXFrameworksBuildPhase;
			buildActionMask = 2147483647;
			files = (
				2765CA28284F3C76007C5F35 /* SnapKit in Frameworks */,
			);
			runOnlyForDeploymentPostprocessing = 0;
		};
/* End PBXFrameworksBuildPhase section */

/* Begin PBXGroup section */
		2765CA06284F3A6C007C5F35 = {
			isa = PBXGroup;
			children = (
				2765CA11284F3A6C007C5F35 /* LoginField */,
				2765CA10284F3A6C007C5F35 /* Products */,
			);
			sourceTree = "<group>";
		};
		2765CA10284F3A6C007C5F35 /* Products */ = {
			isa = PBXGroup;
			children = (
				2765CA0F284F3A6C007C5F35 /* LoginField.app */,
			);
			name = Products;
			sourceTree = "<group>";
		};
		2765CA11284F3A6C007C5F35 /* LoginField */ = {
			isa = PBXGroup;
			children = (
				2765CA12284F3A6C007C5F35 /* AppDelegate.swift */,
				2765CA16284F3A6C007C5F35 /* ViewController.swift */,
				2765CA29284F3CCE007C5F35 /* LoginField.swift */,
				2765CA2B284F4A76007C5F35 /* UIView+Extension.swift */,
				2765CA1B284F3A79007C5F35 /* Assets.xcassets */,
				2765CA1D284F3A79007C5F35 /* LaunchScreen.storyboard */,
				2765CA20284F3A79007C5F35 /* Info.plist */,
			);
			path = LoginField;
			sourceTree = "<group>";
		};
/* End PBXGroup section */

/* Begin PBXNativeTarget section */
		2765CA0E284F3A6C007C5F35 /* LoginField */ = {
			isa = PBXNativeTarget;
			buildConfigurationList = 2765CA23284F3A79007C5F35 /* Build configuration list for PBXNativeTarget "LoginField" */;
			buildPhases = (
				2765CA0B284F3A6C007C5F35 /* Sources */,
				2765CA0C284F3A6C007C5F35 /* Frameworks */,
				2765CA0D284F3A6C007C5F35 /* Resources */,
			);
			buildRules = (
			);
			dependencies = (
			);
			name = LoginField;
			packageProductDependencies = (
				2765CA27284F3C76007C5F35 /* SnapKit */,
			);
			productName = LoginField;
			productReference = 2765CA0F284F3A6C007C5F35 /* LoginField.app */;
			productType = "com.apple.product-type.application";
		};
/* End PBXNativeTarget section */

/* Begin PBXProject section */
		2765CA07284F3A6C007C5F35 /* Project object */ = {
			isa = PBXProject;
			attributes = {
				BuildIndependentTargetsInParallel = 1;
				LastSwiftUpdateCheck = 1340;
				LastUpgradeCheck = 1340;
				TargetAttributes = {
					2765CA0E284F3A6C007C5F35 = {
						CreatedOnToolsVersion = 13.4;
					};
				};
			};
			buildConfigurationList = 2765CA0A284F3A6C007C5F35 /* Build configuration list for PBXProject "LoginField" */;
			compatibilityVersion = "Xcode 13.0";
			developmentRegion = en;
			hasScannedForEncodings = 0;
			knownRegions = (
				en,
				Base,
			);
			mainGroup = 2765CA06284F3A6C007C5F35;
			packageReferences = (
				2765CA26284F3C76007C5F35 /* XCRemoteSwiftPackageReference "SnapKit" */,
			);
			productRefGroup = 2765CA10284F3A6C007C5F35 /* Products */;
			projectDirPath = "";
			projectRoot = "";
			targets = (
				2765CA0E284F3A6C007C5F35 /* LoginField */,
			);
		};
/* End PBXProject section */

/* Begin PBXResourcesBuildPhase section */
		2765CA0D284F3A6C007C5F35 /* Resources */ = {
			isa = PBXResourcesBuildPhase;
			buildActionMask = 2147483647;
			files = (
				2765CA1F284F3A79007C5F35 /* LaunchScreen.storyboard in Resources */,
				2765CA1C284F3A79007C5F35 /* Assets.xcassets in Resources */,
			);
			runOnlyForDeploymentPostprocessing = 0;
		};
/* End PBXResourcesBuildPhase section */

/* Begin PBXSourcesBuildPhase section */
		2765CA0B284F3A6C007C5F35 /* Sources */ = {
			isa = PBXSourcesBuildPhase;
			buildActionMask = 2147483647;
			files = (
				2765CA17284F3A6C007C5F35 /* ViewController.swift in Sources */,
				2765CA13284F3A6C007C5F35 /* AppDelegate.swift in Sources */,
				2765CA2C284F4A76007C5F35 /* UIView+Extension.swift in Sources */,
				2765CA2A284F3CCE007C5F35 /* LoginField.swift in Sources */,
			);
			runOnlyForDeploymentPostprocessing = 0;
		};
/* End PBXSourcesBuildPhase section */

/* Begin PBXVariantGroup section */
		2765CA1D284F3A79007C5F35 /* LaunchScreen.storyboard */ = {
			isa = PBXVariantGroup;
			children = (
				2765CA1E284F3A79007C5F35 /* Base */,
			);
			name = LaunchScreen.storyboard;
			sourceTree = "<group>";
		};
/* End PBXVariantGroup section */

/* Begin XCBuildConfiguration section */
		2765CA21284F3A79007C5F35 /* Debug */ = {
			isa = XCBuildConfiguration;
			buildSettings = {
				ALWAYS_SEARCH_USER_PATHS = NO;
				CLANG_ANALYZER_NONNULL = YES;
				CLANG_ANALYZER_NUMBER_OBJECT_CONVERSION = YES_AGGRESSIVE;
				CLANG_CXX_LANGUAGE_STANDARD = "gnu++17";
				CLANG_ENABLE_MODULES = YES;
				CLANG_ENABLE_OBJC_ARC = YES;
				CLANG_ENABLE_OBJC_WEAK = YES;
				CLANG_WARN_BLOCK_CAPTURE_AUTORELEASING = YES;
				CLANG_WARN_BOOL_CONVERSION = YES;
				CLANG_WARN_COMMA = YES;
				CLANG_WARN_CONSTANT_CONVERSION = YES;
				CLANG_WARN_DEPRECATED_OBJC_IMPLEMENTATIONS = YES;
				CLANG_WARN_DIRECT_OBJC_ISA_USAGE = YES_ERROR;
				CLANG_WARN_DOCUMENTATION_COMMENTS = YES;
				CLANG_WARN_EMPTY_BODY = YES;
				CLANG_WARN_ENUM_CONVERSION = YES;
				CLANG_WARN_INFINITE_RECURSION = YES;
				CLANG_WARN_INT_CONVERSION = YES;
				CLANG_WARN_NON_LITERAL_NULL_CONVERSION = YES;
				CLANG_WARN_OBJC_IMPLICIT_RETAIN_SELF = YES;
				CLANG_WARN_OBJC_LITERAL_CONVERSION = YES;
				CLANG_WARN_OBJC_ROOT_CLASS = YES_ERROR;
				CLANG_WARN_QUOTED_INCLUDE_IN_FRAMEWORK_HEADER = YES;
				CLANG_WARN_RANGE_LOOP_ANALYSIS = YES;
				CLANG_WARN_STRICT_PROTOTYPES = YES;
				CLANG_WARN_SUSPICIOUS_MOVE = YES;
				CLANG_WARN_UNGUARDED_AVAILABILITY = YES_AGGRESSIVE;
				CLANG_WARN_UNREACHABLE_CODE = YES;
				CLANG_WARN__DUPLICATE_METHOD_MATCH = YES;
				COPY_PHASE_STRIP = NO;
				DEBUG_INFORMATION_FORMAT = dwarf;
				ENABLE_STRICT_OBJC_MSGSEND = YES;
				ENABLE_TESTABILITY = YES;
				GCC_C_LANGUAGE_STANDARD = gnu11;
				GCC_DYNAMIC_NO_PIC = NO;
				GCC_NO_COMMON_BLOCKS = YES;
				GCC_OPTIMIZATION_LEVEL = 0;
				GCC_PREPROCESSOR_DEFINITIONS = (
					"DEBUG=1",
					"$(inherited)",
				);
				GCC_WARN_64_TO_32_BIT_CONVERSION = YES;
				GCC_WARN_ABOUT_RETURN_TYPE = YES_ERROR;
				GCC_WARN_UNDECLARED_SELECTOR = YES;
				GCC_WARN_UNINITIALIZED_AUTOS = YES_AGGRESSIVE;
				GCC_WARN_UNUSED_FUNCTION = YES;
				GCC_WARN_UNUSED_VARIABLE = YES;
				IPHONEOS_DEPLOYMENT_TARGET = 15.5;
				MTL_ENABLE_DEBUG_INFO = INCLUDE_SOURCE;
				MTL_FAST_MATH = YES;
				ONLY_ACTIVE_ARCH = YES;
				SDKROOT = iphoneos;
				SWIFT_ACTIVE_COMPILATION_CONDITIONS = DEBUG;
				SWIFT_OPTIMIZATION_LEVEL = "-Onone";
			};
			name = Debug;
		};
		2765CA22284F3A79007C5F35 /* Release */ = {
			isa = XCBuildConfiguration;
			buildSettings = {
				ALWAYS_SEARCH_USER_PATHS = NO;
				CLANG_ANALYZER_NONNULL = YES;
				CLANG_ANALYZER_NUMBER_OBJECT_CONVERSION = YES_AGGRESSIVE;
				CLANG_CXX_LANGUAGE_STANDARD = "gnu++17";
				CLANG_ENABLE_MODULES = YES;
				CLANG_ENABLE_OBJC_ARC = YES;
				CLANG_ENABLE_OBJC_WEAK = YES;
				CLANG_WARN_BLOCK_CAPTURE_AUTORELEASING = YES;
				CLANG_WARN_BOOL_CONVERSION = YES;
				CLANG_WARN_COMMA = YES;
				CLANG_WARN_CONSTANT_CONVERSION = YES;
				CLANG_WARN_DEPRECATED_OBJC_IMPLEMENTATIONS = YES;
				CLANG_WARN_DIRECT_OBJC_ISA_USAGE = YES_ERROR;
				CLANG_WARN_DOCUMENTATION_COMMENTS = YES;
				CLANG_WARN_EMPTY_BODY = YES;
				CLANG_WARN_ENUM_CONVERSION = YES;
				CLANG_WARN_INFINITE_RECURSION = YES;
				CLANG_WARN_INT_CONVERSION = YES;
				CLANG_WARN_NON_LITERAL_NULL_CONVERSION = YES;
				CLANG_WARN_OBJC_IMPLICIT_RETAIN_SELF = YES;
				CLANG_WARN_OBJC_LITERAL_CONVERSION = YES;
				CLANG_WARN_OBJC_ROOT_CLASS = YES_ERROR;
				CLANG_WARN_QUOTED_INCLUDE_IN_FRAMEWORK_HEADER = YES;
				CLANG_WARN_RANGE_LOOP_ANALYSIS = YES;
				CLANG_WARN_STRICT_PROTOTYPES = YES;
				CLANG_WARN_SUSPICIOUS_MOVE = YES;
				CLANG_WARN_UNGUARDED_AVAILABILITY = YES_AGGRESSIVE;
				CLANG_WARN_UNREACHABLE_CODE = YES;
				CLANG_WARN__DUPLICATE_METHOD_MATCH = YES;
				COPY_PHASE_STRIP = NO;
				DEBUG_INFORMATION_FORMAT = "dwarf-with-dsym";
				ENABLE_NS_ASSERTIONS = NO;
				ENABLE_STRICT_OBJC_MSGSEND = YES;
				GCC_C_LANGUAGE_STANDARD = gnu11;
				GCC_NO_COMMON_BLOCKS = YES;
				GCC_WARN_64_TO_32_BIT_CONVERSION = YES;
				GCC_WARN_ABOUT_RETURN_TYPE = YES_ERROR;
				GCC_WARN_UNDECLARED_SELECTOR = YES;
				GCC_WARN_UNINITIALIZED_AUTOS = YES_AGGRESSIVE;
				GCC_WARN_UNUSED_FUNCTION = YES;
				GCC_WARN_UNUSED_VARIABLE = YES;
				IPHONEOS_DEPLOYMENT_TARGET = 15.5;
				MTL_ENABLE_DEBUG_INFO = NO;
				MTL_FAST_MATH = YES;
				SDKROOT = iphoneos;
				SWIFT_COMPILATION_MODE = wholemodule;
				SWIFT_OPTIMIZATION_LEVEL = "-O";
				VALIDATE_PRODUCT = YES;
			};
			name = Release;
		};
		2765CA24284F3A79007C5F35 /* Debug */ = {
			isa = XCBuildConfiguration;
			buildSettings = {
				ASSETCATALOG_COMPILER_APPICON_NAME = AppIcon;
				ASSETCATALOG_COMPILER_GLOBAL_ACCENT_COLOR_NAME = AccentColor;
				CODE_SIGN_STYLE = Automatic;
				CURRENT_PROJECT_VERSION = 1;
				DEVELOPMENT_TEAM = 89YN5XG8R7;
				GENERATE_INFOPLIST_FILE = YES;
				INFOPLIST_FILE = LoginField/Info.plist;
				INFOPLIST_KEY_UIApplicationSupportsIndirectInputEvents = YES;
				INFOPLIST_KEY_UILaunchStoryboardName = LaunchScreen;
				INFOPLIST_KEY_UISupportedInterfaceOrientations_iPad = "UIInterfaceOrientationPortrait UIInterfaceOrientationPortraitUpsideDown UIInterfaceOrientationLandscapeLeft UIInterfaceOrientationLandscapeRight";
				INFOPLIST_KEY_UISupportedInterfaceOrientations_iPhone = "UIInterfaceOrientationPortrait UIInterfaceOrientationLandscapeLeft UIInterfaceOrientationLandscapeRight";
				LD_RUNPATH_SEARCH_PATHS = (
					"$(inherited)",
					"@executable_path/Frameworks",
				);
				MARKETING_VERSION = 1.0;
				PRODUCT_BUNDLE_IDENTIFIER = deniss.lobacs.LoginField;
				PRODUCT_NAME = "$(TARGET_NAME)";
				SWIFT_EMIT_LOC_STRINGS = YES;
				SWIFT_VERSION = 5.0;
				TARGETED_DEVICE_FAMILY = "1,2";
			};
			name = Debug;
		};
		2765CA25284F3A79007C5F35 /* Release */ = {
			isa = XCBuildConfiguration;
			buildSettings = {
				ASSETCATALOG_COMPILER_APPICON_NAME = AppIcon;
				ASSETCATALOG_COMPILER_GLOBAL_ACCENT_COLOR_NAME = AccentColor;
				CODE_SIGN_STYLE = Automatic;
				CURRENT_PROJECT_VERSION = 1;
				DEVELOPMENT_TEAM = 89YN5XG8R7;
				GENERATE_INFOPLIST_FILE = YES;
				INFOPLIST_FILE = LoginField/Info.plist;
				INFOPLIST_KEY_UIApplicationSupportsIndirectInputEvents = YES;
				INFOPLIST_KEY_UILaunchStoryboardName = LaunchScreen;
				INFOPLIST_KEY_UISupportedInterfaceOrientations_iPad = "UIInterfaceOrientationPortrait UIInterfaceOrientationPortraitUpsideDown UIInterfaceOrientationLandscapeLeft UIInterfaceOrientationLandscapeRight";
				INFOPLIST_KEY_UISupportedInterfaceOrientations_iPhone = "UIInterfaceOrientationPortrait UIInterfaceOrientationLandscapeLeft UIInterfaceOrientationLandscapeRight";
				LD_RUNPATH_SEARCH_PATHS = (
					"$(inherited)",
					"@executable_path/Frameworks",
				);
				MARKETING_VERSION = 1.0;
				PRODUCT_BUNDLE_IDENTIFIER = deniss.lobacs.LoginField;
				PRODUCT_NAME = "$(TARGET_NAME)";
				SWIFT_EMIT_LOC_STRINGS = YES;
				SWIFT_VERSION = 5.0;
				TARGETED_DEVICE_FAMILY = "1,2";
			};
			name = Release;
		};
/* End XCBuildConfiguration section */

/* Begin XCConfigurationList section */
		2765CA0A284F3A6C007C5F35 /* Build configuration list for PBXProject "LoginField" */ = {
			isa = XCConfigurationList;
			buildConfigurations = (
				2765CA21284F3A79007C5F35 /* Debug */,
				2765CA22284F3A79007C5F35 /* Release */,
			);
			defaultConfigurationIsVisible = 0;
			defaultConfigurationName = Release;
		};
		2765CA23284F3A79007C5F35 /* Build configuration list for PBXNativeTarget "LoginField" */ = {
			isa = XCConfigurationList;
			buildConfigurations = (
				2765CA24284F3A79007C5F35 /* Debug */,
				2765CA25284F3A79007C5F35 /* Release */,
			);
			defaultConfigurationIsVisible = 0;
			defaultConfigurationName = Release;
		};
/* End XCConfigurationList section */

/* Begin XCRemoteSwiftPackageReference section */
		2765CA26284F3C76007C5F35 /* XCRemoteSwiftPackageReference "SnapKit" */ = {
			isa = XCRemoteSwiftPackageReference;
			repositoryURL = "https://github.com/SnapKit/SnapKit";
			requirement = {
				branch = develop;
				kind = branch;
			};
		};
/* End XCRemoteSwiftPackageReference section */

/* Begin XCSwiftPackageProductDependency section */
		2765CA27284F3C76007C5F35 /* SnapKit */ = {
			isa = XCSwiftPackageProductDependency;
			package = 2765CA26284F3C76007C5F35 /* XCRemoteSwiftPackageReference "SnapKit" */;
			productName = SnapKit;
		};
/* End XCSwiftPackageProductDependency section */
	};
	rootObject = 2765CA07284F3A6C007C5F35 /* Project object */;
}
